PODS:
  - PromiseKit (6.17.1):
    - PromiseKit/CorePromise (= 6.17.1)
    - PromiseKit/Foundation (= 6.17.1)
    - PromiseKit/UIKit (= 6.17.1)
  - PromiseKit/CorePromise (6.17.1)
  - PromiseKit/Foundation (6.17.1):
    - PromiseKit/CorePromise
  - PromiseKit/UIKit (6.17.1):
    - PromiseKit/CorePromise

DEPENDENCIES:
  - PromiseKit

SPEC REPOS:
  trunk:
    - PromiseKit

SPEC CHECKSUMS:
  PromiseKit: ee485df3d4dc570594d7e7aecae6352697dc6a4c

PODFILE CHECKSUM: 70a3a0ab3b5674aa5caa196f44581c16cc335e81

COCOAPODS: 1.11.3
