// !$*UTF8*$!
{
	archiveVersion = 1;
	classes = {
	};
	objectVersion = 55;
	objects = {

/* Begin PBXBuildFile section */
		0A065F5445785AB634067638 /* Pods_Architecture_Walkthrough_Architecture_WalkthroughUITests.framework in Frameworks */ = {isa = PBXBuildFile; fileRef = F3E0F6FED46AAC4313709F04 /* Pods_Architecture_Walkthrough_Architecture_WalkthroughUITests.framework */; };
		0F55CAE2280A44DD7A8A0879 /* Pods_Architecture_WalkthroughTests.framework in Frameworks */ = {isa = PBXBuildFile; fileRef = 2F8FF7C62CBB5697EE723D50 /* Pods_Architecture_WalkthroughTests.framework */; };
		90C6F2E7C14B92C8E704B4E3 /* Pods_Architecture_Walkthrough.framework in Frameworks */ = {isa = PBXBuildFile; fileRef = 678DC5EE151985C7BD6CDD22 /* Pods_Architecture_Walkthrough.framework */; };
		9638C36128647727000B90D7 /* AppDelegate.swift in Sources */ = {isa = PBXBuildFile; fileRef = 9638C36028647727000B90D7 /* AppDelegate.swift */; };
		9638C36328647727000B90D7 /* SceneDelegate.swift in Sources */ = {isa = PBXBuildFile; fileRef = 9638C36228647727000B90D7 /* SceneDelegate.swift */; };
		9638C36528647727000B90D7 /* ViewControllerWithMVC.swift in Sources */ = {isa = PBXBuildFile; fileRef = 9638C36428647727000B90D7 /* ViewControllerWithMVC.swift */; };
		9638C36828647727000B90D7 /* Main.storyboard in Resources */ = {isa = PBXBuildFile; fileRef = 9638C36628647727000B90D7 /* Main.storyboard */; };
		9638C36A2864772A000B90D7 /* Assets.xcassets in Resources */ = {isa = PBXBuildFile; fileRef = 9638C3692864772A000B90D7 /* Assets.xcassets */; };
		9638C36D2864772A000B90D7 /* LaunchScreen.storyboard in Resources */ = {isa = PBXBuildFile; fileRef = 9638C36B2864772A000B90D7 /* LaunchScreen.storyboard */; };
		9638C3782864772B000B90D7 /* Architecture_WalkthroughTests.swift in Sources */ = {isa = PBXBuildFile; fileRef = 9638C3772864772B000B90D7 /* Architecture_WalkthroughTests.swift */; };
		9638C3822864772B000B90D7 /* Architecture_WalkthroughUITests.swift in Sources */ = {isa = PBXBuildFile; fileRef = 9638C3812864772B000B90D7 /* Architecture_WalkthroughUITests.swift */; };
		9638C3842864772B000B90D7 /* Architecture_WalkthroughUITestsLaunchTests.swift in Sources */ = {isa = PBXBuildFile; fileRef = 9638C3832864772B000B90D7 /* Architecture_WalkthroughUITestsLaunchTests.swift */; };
		9638C39328647C7B000B90D7 /* APIServiceProtocol.swift in Sources */ = {isa = PBXBuildFile; fileRef = 9638C39228647C7B000B90D7 /* APIServiceProtocol.swift */; };
		9638C39628647CBE000B90D7 /* TodoEntity.swift in Sources */ = {isa = PBXBuildFile; fileRef = 9638C39528647CBE000B90D7 /* TodoEntity.swift */; };
		9638C39828647EBC000B90D7 /* APIService.swift in Sources */ = {isa = PBXBuildFile; fileRef = 9638C39728647EBC000B90D7 /* APIService.swift */; };
		9638C39C2864812B000B90D7 /* APIServiceMock.swift in Sources */ = {isa = PBXBuildFile; fileRef = 9638C39B2864812B000B90D7 /* APIServiceMock.swift */; };
		9638C39F2864836E000B90D7 /* TodoTableViewCell.swift in Sources */ = {isa = PBXBuildFile; fileRef = 9638C39E2864836E000B90D7 /* TodoTableViewCell.swift */; };
		9638C3B128649592000B90D7 /* String+Extension.swift in Sources */ = {isa = PBXBuildFile; fileRef = 9638C3B028649592000B90D7 /* String+Extension.swift */; };
		9696A53B28688E130053F6F7 /* ViewControllerWithMVVM+OneWayBinding.swift in Sources */ = {isa = PBXBuildFile; fileRef = 9696A53A28688E130053F6F7 /* ViewControllerWithMVVM+OneWayBinding.swift */; };
		9696A53F28688E590053F6F7 /* Observable.swift in Sources */ = {isa = PBXBuildFile; fileRef = 9696A53E28688E590053F6F7 /* Observable.swift */; };
		9696A54228688E9C0053F6F7 /* ViewModel+OneWay.swift in Sources */ = {isa = PBXBuildFile; fileRef = 9696A54128688E9C0053F6F7 /* ViewModel+OneWay.swift */; };
		96A2F6B8286AE959001D1802 /* ViewControllerWithMVVM+TwoWayBinding.swift in Sources */ = {isa = PBXBuildFile; fileRef = 96A2F6B7286AE959001D1802 /* ViewControllerWithMVVM+TwoWayBinding.swift */; };
		96A2F6BA286AE9A1001D1802 /* ViewModel+TwoWay.swift in Sources */ = {isa = PBXBuildFile; fileRef = 96A2F6B9286AE9A1001D1802 /* ViewModel+TwoWay.swift */; };
		96A2F6BD286AEC2A001D1802 /* Coordinator.swift in Sources */ = {isa = PBXBuildFile; fileRef = 96A2F6BC286AEC2A001D1802 /* Coordinator.swift */; };
		96A2F6BF286AECA1001D1802 /* Storyborded.swift in Sources */ = {isa = PBXBuildFile; fileRef = 96A2F6BE286AECA1001D1802 /* Storyborded.swift */; };
		96A2F6C1286AED8A001D1802 /* MainCoordinator.swift in Sources */ = {isa = PBXBuildFile; fileRef = 96A2F6C0286AED8A001D1802 /* MainCoordinator.swift */; };
		96A2F6C5286AF3D9001D1802 /* PageOneViewController.swift in Sources */ = {isa = PBXBuildFile; fileRef = 96A2F6C4286AF3D9001D1802 /* PageOneViewController.swift */; };
		96A2F6C7286AF568001D1802 /* PageTwoViewController.swift in Sources */ = {isa = PBXBuildFile; fileRef = 96A2F6C6286AF568001D1802 /* PageTwoViewController.swift */; };
/* End PBXBuildFile section */

/* Begin PBXContainerItemProxy section */
		9638C3742864772B000B90D7 /* PBXContainerItemProxy */ = {
			isa = PBXContainerItemProxy;
			containerPortal = 9638C35528647727000B90D7 /* Project object */;
			proxyType = 1;
			remoteGlobalIDString = 9638C35C28647727000B90D7;
			remoteInfo = "Architecture Walkthrough";
		};
		9638C37E2864772B000B90D7 /* PBXContainerItemProxy */ = {
			isa = PBXContainerItemProxy;
			containerPortal = 9638C35528647727000B90D7 /* Project object */;
			proxyType = 1;
			remoteGlobalIDString = 9638C35C28647727000B90D7;
			remoteInfo = "Architecture Walkthrough";
		};
/* End PBXContainerItemProxy section */

/* Begin PBXFileReference section */
		2F8FF7C62CBB5697EE723D50 /* Pods_Architecture_WalkthroughTests.framework */ = {isa = PBXFileReference; explicitFileType = wrapper.framework; includeInIndex = 0; path = Pods_Architecture_WalkthroughTests.framework; sourceTree = BUILT_PRODUCTS_DIR; };
		556947B390E9EE0FE5054EA1 /* Pods-Architecture Walkthrough-Architecture WalkthroughUITests.debug.xcconfig */ = {isa = PBXFileReference; includeInIndex = 1; lastKnownFileType = text.xcconfig; name = "Pods-Architecture Walkthrough-Architecture WalkthroughUITests.debug.xcconfig"; path = "Target Support Files/Pods-Architecture Walkthrough-Architecture WalkthroughUITests/Pods-Architecture Walkthrough-Architecture WalkthroughUITests.debug.xcconfig"; sourceTree = "<group>"; };
		5C42B48F6C3C1190AED22555 /* Pods-Architecture WalkthroughTests.debug.xcconfig */ = {isa = PBXFileReference; includeInIndex = 1; lastKnownFileType = text.xcconfig; name = "Pods-Architecture WalkthroughTests.debug.xcconfig"; path = "Target Support Files/Pods-Architecture WalkthroughTests/Pods-Architecture WalkthroughTests.debug.xcconfig"; sourceTree = "<group>"; };
		678DC5EE151985C7BD6CDD22 /* Pods_Architecture_Walkthrough.framework */ = {isa = PBXFileReference; explicitFileType = wrapper.framework; includeInIndex = 0; path = Pods_Architecture_Walkthrough.framework; sourceTree = BUILT_PRODUCTS_DIR; };
		9638C35D28647727000B90D7 /* Architecture Walkthrough.app */ = {isa = PBXFileReference; explicitFileType = wrapper.application; includeInIndex = 0; path = "Architecture Walkthrough.app"; sourceTree = BUILT_PRODUCTS_DIR; };
		9638C36028647727000B90D7 /* AppDelegate.swift */ = {isa = PBXFileReference; lastKnownFileType = sourcecode.swift; path = AppDelegate.swift; sourceTree = "<group>"; };
		9638C36228647727000B90D7 /* SceneDelegate.swift */ = {isa = PBXFileReference; lastKnownFileType = sourcecode.swift; path = SceneDelegate.swift; sourceTree = "<group>"; };
		9638C36428647727000B90D7 /* ViewControllerWithMVC.swift */ = {isa = PBXFileReference; lastKnownFileType = sourcecode.swift; path = ViewControllerWithMVC.swift; sourceTree = "<group>"; };
		9638C36728647727000B90D7 /* Base */ = {isa = PBXFileReference; lastKnownFileType = file.storyboard; name = Base; path = Base.lproj/Main.storyboard; sourceTree = "<group>"; };
		9638C3692864772A000B90D7 /* Assets.xcassets */ = {isa = PBXFileReference; lastKnownFileType = folder.assetcatalog; path = Assets.xcassets; sourceTree = "<group>"; };
		9638C36C2864772A000B90D7 /* Base */ = {isa = PBXFileReference; lastKnownFileType = file.storyboard; name = Base; path = Base.lproj/LaunchScreen.storyboard; sourceTree = "<group>"; };
		9638C36E2864772A000B90D7 /* Info.plist */ = {isa = PBXFileReference; lastKnownFileType = text.plist.xml; path = Info.plist; sourceTree = "<group>"; };
		9638C3732864772B000B90D7 /* Architecture WalkthroughTests.xctest */ = {isa = PBXFileReference; explicitFileType = wrapper.cfbundle; includeInIndex = 0; path = "Architecture WalkthroughTests.xctest"; sourceTree = BUILT_PRODUCTS_DIR; };
		9638C3772864772B000B90D7 /* Architecture_WalkthroughTests.swift */ = {isa = PBXFileReference; lastKnownFileType = sourcecode.swift; path = Architecture_WalkthroughTests.swift; sourceTree = "<group>"; };
		9638C37D2864772B000B90D7 /* Architecture WalkthroughUITests.xctest */ = {isa = PBXFileReference; explicitFileType = wrapper.cfbundle; includeInIndex = 0; path = "Architecture WalkthroughUITests.xctest"; sourceTree = BUILT_PRODUCTS_DIR; };
		9638C3812864772B000B90D7 /* Architecture_WalkthroughUITests.swift */ = {isa = PBXFileReference; lastKnownFileType = sourcecode.swift; path = Architecture_WalkthroughUITests.swift; sourceTree = "<group>"; };
		9638C3832864772B000B90D7 /* Architecture_WalkthroughUITestsLaunchTests.swift */ = {isa = PBXFileReference; lastKnownFileType = sourcecode.swift; path = Architecture_WalkthroughUITestsLaunchTests.swift; sourceTree = "<group>"; };
		9638C39228647C7B000B90D7 /* APIServiceProtocol.swift */ = {isa = PBXFileReference; lastKnownFileType = sourcecode.swift; path = APIServiceProtocol.swift; sourceTree = "<group>"; };
		9638C39528647CBE000B90D7 /* TodoEntity.swift */ = {isa = PBXFileReference; lastKnownFileType = sourcecode.swift; path = TodoEntity.swift; sourceTree = "<group>"; };
		9638C39728647EBC000B90D7 /* APIService.swift */ = {isa = PBXFileReference; lastKnownFileType = sourcecode.swift; path = APIService.swift; sourceTree = "<group>"; };
		9638C39B2864812B000B90D7 /* APIServiceMock.swift */ = {isa = PBXFileReference; lastKnownFileType = sourcecode.swift; path = APIServiceMock.swift; sourceTree = "<group>"; };
		9638C39E2864836E000B90D7 /* TodoTableViewCell.swift */ = {isa = PBXFileReference; lastKnownFileType = sourcecode.swift; path = TodoTableViewCell.swift; sourceTree = "<group>"; };
		9638C3B028649592000B90D7 /* String+Extension.swift */ = {isa = PBXFileReference; lastKnownFileType = sourcecode.swift; path = "String+Extension.swift"; sourceTree = "<group>"; };
		9696A53A28688E130053F6F7 /* ViewControllerWithMVVM+OneWayBinding.swift */ = {isa = PBXFileReference; lastKnownFileType = sourcecode.swift; path = "ViewControllerWithMVVM+OneWayBinding.swift"; sourceTree = "<group>"; };
		9696A53E28688E590053F6F7 /* Observable.swift */ = {isa = PBXFileReference; lastKnownFileType = sourcecode.swift; path = Observable.swift; sourceTree = "<group>"; };
		9696A54128688E9C0053F6F7 /* ViewModel+OneWay.swift */ = {isa = PBXFileReference; lastKnownFileType = sourcecode.swift; path = "ViewModel+OneWay.swift"; sourceTree = "<group>"; };
		96A2F6B7286AE959001D1802 /* ViewControllerWithMVVM+TwoWayBinding.swift */ = {isa = PBXFileReference; lastKnownFileType = sourcecode.swift; path = "ViewControllerWithMVVM+TwoWayBinding.swift"; sourceTree = "<group>"; };
		96A2F6B9286AE9A1001D1802 /* ViewModel+TwoWay.swift */ = {isa = PBXFileReference; lastKnownFileType = sourcecode.swift; path = "ViewModel+TwoWay.swift"; sourceTree = "<group>"; };
		96A2F6BC286AEC2A001D1802 /* Coordinator.swift */ = {isa = PBXFileReference; lastKnownFileType = sourcecode.swift; path = Coordinator.swift; sourceTree = "<group>"; };
		96A2F6BE286AECA1001D1802 /* Storyborded.swift */ = {isa = PBXFileReference; lastKnownFileType = sourcecode.swift; path = Storyborded.swift; sourceTree = "<group>"; };
		96A2F6C0286AED8A001D1802 /* MainCoordinator.swift */ = {isa = PBXFileReference; lastKnownFileType = sourcecode.swift; path = MainCoordinator.swift; sourceTree = "<group>"; };
		96A2F6C4286AF3D9001D1802 /* PageOneViewController.swift */ = {isa = PBXFileReference; lastKnownFileType = sourcecode.swift; path = PageOneViewController.swift; sourceTree = "<group>"; };
		96A2F6C6286AF568001D1802 /* PageTwoViewController.swift */ = {isa = PBXFileReference; lastKnownFileType = sourcecode.swift; path = PageTwoViewController.swift; sourceTree = "<group>"; };
		98ACBAE7266AF74DE6EA14E1 /* Pods-Architecture Walkthrough.release.xcconfig */ = {isa = PBXFileReference; includeInIndex = 1; lastKnownFileType = text.xcconfig; name = "Pods-Architecture Walkthrough.release.xcconfig"; path = "Target Support Files/Pods-Architecture Walkthrough/Pods-Architecture Walkthrough.release.xcconfig"; sourceTree = "<group>"; };
		A423E09EF4DDD1D3727E8982 /* Pods-Architecture Walkthrough.debug.xcconfig */ = {isa = PBXFileReference; includeInIndex = 1; lastKnownFileType = text.xcconfig; name = "Pods-Architecture Walkthrough.debug.xcconfig"; path = "Target Support Files/Pods-Architecture Walkthrough/Pods-Architecture Walkthrough.debug.xcconfig"; sourceTree = "<group>"; };
		E2131145E41289B6607B2558 /* Pods-Architecture Walkthrough-Architecture WalkthroughUITests.release.xcconfig */ = {isa = PBXFileReference; includeInIndex = 1; lastKnownFileType = text.xcconfig; name = "Pods-Architecture Walkthrough-Architecture WalkthroughUITests.release.xcconfig"; path = "Target Support Files/Pods-Architecture Walkthrough-Architecture WalkthroughUITests/Pods-Architecture Walkthrough-Architecture WalkthroughUITests.release.xcconfig"; sourceTree = "<group>"; };
		E30FD0A9B646F4EFD34BCFFB /* Pods-Architecture WalkthroughTests.release.xcconfig */ = {isa = PBXFileReference; includeInIndex = 1; lastKnownFileType = text.xcconfig; name = "Pods-Architecture WalkthroughTests.release.xcconfig"; path = "Target Support Files/Pods-Architecture WalkthroughTests/Pods-Architecture WalkthroughTests.release.xcconfig"; sourceTree = "<group>"; };
		F3E0F6FED46AAC4313709F04 /* Pods_Architecture_Walkthrough_Architecture_WalkthroughUITests.framework */ = {isa = PBXFileReference; explicitFileType = wrapper.framework; includeInIndex = 0; path = Pods_Architecture_Walkthrough_Architecture_WalkthroughUITests.framework; sourceTree = BUILT_PRODUCTS_DIR; };
/* End PBXFileReference section */

/* Begin PBXFrameworksBuildPhase section */
		9638C35A28647727000B90D7 /* Frameworks */ = {
			isa = PBXFrameworksBuildPhase;
			buildActionMask = 2147483647;
			files = (
				90C6F2E7C14B92C8E704B4E3 /* Pods_Architecture_Walkthrough.framework in Frameworks */,
			);
			runOnlyForDeploymentPostprocessing = 0;
		};
		9638C3702864772B000B90D7 /* Frameworks */ = {
			isa = PBXFrameworksBuildPhase;
			buildActionMask = 2147483647;
			files = (
				0F55CAE2280A44DD7A8A0879 /* Pods_Architecture_WalkthroughTests.framework in Frameworks */,
			);
			runOnlyForDeploymentPostprocessing = 0;
		};
		9638C37A2864772B000B90D7 /* Frameworks */ = {
			isa = PBXFrameworksBuildPhase;
			buildActionMask = 2147483647;
			files = (
				0A065F5445785AB634067638 /* Pods_Architecture_Walkthrough_Architecture_WalkthroughUITests.framework in Frameworks */,
			);
			runOnlyForDeploymentPostprocessing = 0;
		};
/* End PBXFrameworksBuildPhase section */

/* Begin PBXGroup section */
		0F550BBB060A59344733E310 /* Pods */ = {
			isa = PBXGroup;
			children = (
				A423E09EF4DDD1D3727E8982 /* Pods-Architecture Walkthrough.debug.xcconfig */,
				98ACBAE7266AF74DE6EA14E1 /* Pods-Architecture Walkthrough.release.xcconfig */,
				556947B390E9EE0FE5054EA1 /* Pods-Architecture Walkthrough-Architecture WalkthroughUITests.debug.xcconfig */,
				E2131145E41289B6607B2558 /* Pods-Architecture Walkthrough-Architecture WalkthroughUITests.release.xcconfig */,
				5C42B48F6C3C1190AED22555 /* Pods-Architecture WalkthroughTests.debug.xcconfig */,
				E30FD0A9B646F4EFD34BCFFB /* Pods-Architecture WalkthroughTests.release.xcconfig */,
			);
			name = Pods;
			path = Pods;
			sourceTree = "<group>";
		};
		249867F769DC4AD74BC7648B /* Frameworks */ = {
			isa = PBXGroup;
			children = (
				678DC5EE151985C7BD6CDD22 /* Pods_Architecture_Walkthrough.framework */,
				F3E0F6FED46AAC4313709F04 /* Pods_Architecture_Walkthrough_Architecture_WalkthroughUITests.framework */,
				2F8FF7C62CBB5697EE723D50 /* Pods_Architecture_WalkthroughTests.framework */,
			);
			name = Frameworks;
			sourceTree = "<group>";
		};
		9638C35428647727000B90D7 = {
			isa = PBXGroup;
			children = (
				9638C35F28647727000B90D7 /* Architecture Walkthrough */,
				9638C3762864772B000B90D7 /* Architecture WalkthroughTests */,
				9638C3802864772B000B90D7 /* Architecture WalkthroughUITests */,
				9638C35E28647727000B90D7 /* Products */,
				0F550BBB060A59344733E310 /* Pods */,
				249867F769DC4AD74BC7648B /* Frameworks */,
			);
			sourceTree = "<group>";
		};
		9638C35E28647727000B90D7 /* Products */ = {
			isa = PBXGroup;
			children = (
				9638C35D28647727000B90D7 /* Architecture Walkthrough.app */,
				9638C3732864772B000B90D7 /* Architecture WalkthroughTests.xctest */,
				9638C37D2864772B000B90D7 /* Architecture WalkthroughUITests.xctest */,
			);
			name = Products;
			sourceTree = "<group>";
		};
		9638C35F28647727000B90D7 /* Architecture Walkthrough */ = {
			isa = PBXGroup;
			children = (
				96A2F6C2286AF3B5001D1802 /* Features */,
				96A2F6BB286AEC21001D1802 /* Coordinator */,
				9696A53D28688E510053F6F7 /* Core */,
				9696A53C28688E3E0053F6F7 /* Resources */,
				9638C3AF28649586000B90D7 /* Extensions */,
				9638C39028647C5A000B90D7 /* Model */,
				9638C39E2864836E000B90D7 /* TodoTableViewCell.swift */,
				9638C36628647727000B90D7 /* Main.storyboard */,
			);
			path = "Architecture Walkthrough";
			sourceTree = "<group>";
		};
		9638C3762864772B000B90D7 /* Architecture WalkthroughTests */ = {
			isa = PBXGroup;
			children = (
				9638C39928648112000B90D7 /* Model */,
				9638C3772864772B000B90D7 /* Architecture_WalkthroughTests.swift */,
			);
			path = "Architecture WalkthroughTests";
			sourceTree = "<group>";
		};
		9638C3802864772B000B90D7 /* Architecture WalkthroughUITests */ = {
			isa = PBXGroup;
			children = (
				9638C3812864772B000B90D7 /* Architecture_WalkthroughUITests.swift */,
				9638C3832864772B000B90D7 /* Architecture_WalkthroughUITestsLaunchTests.swift */,
			);
			path = "Architecture WalkthroughUITests";
			sourceTree = "<group>";
		};
		9638C39028647C5A000B90D7 /* Model */ = {
			isa = PBXGroup;
			children = (
				9638C39428647CA5000B90D7 /* Entity */,
				9638C39128647C6B000B90D7 /* Service */,
			);
			path = Model;
			sourceTree = "<group>";
		};
		9638C39128647C6B000B90D7 /* Service */ = {
			isa = PBXGroup;
			children = (
				9638C39228647C7B000B90D7 /* APIServiceProtocol.swift */,
				9638C39728647EBC000B90D7 /* APIService.swift */,
			);
			path = Service;
			sourceTree = "<group>";
		};
		9638C39428647CA5000B90D7 /* Entity */ = {
			isa = PBXGroup;
			children = (
				9638C39528647CBE000B90D7 /* TodoEntity.swift */,
			);
			path = Entity;
			sourceTree = "<group>";
		};
		9638C39928648112000B90D7 /* Model */ = {
			isa = PBXGroup;
			children = (
				9638C39A28648119000B90D7 /* Service */,
			);
			path = Model;
			sourceTree = "<group>";
		};
		9638C39A28648119000B90D7 /* Service */ = {
			isa = PBXGroup;
			children = (
				9638C39B2864812B000B90D7 /* APIServiceMock.swift */,
			);
			path = Service;
			sourceTree = "<group>";
		};
		9638C3AF28649586000B90D7 /* Extensions */ = {
			isa = PBXGroup;
			children = (
				9638C3B028649592000B90D7 /* String+Extension.swift */,
			);
			path = Extensions;
			sourceTree = "<group>";
		};
		9696A53C28688E3E0053F6F7 /* Resources */ = {
			isa = PBXGroup;
			children = (
				9638C36028647727000B90D7 /* AppDelegate.swift */,
				9638C36228647727000B90D7 /* SceneDelegate.swift */,
				9638C3692864772A000B90D7 /* Assets.xcassets */,
				9638C36B2864772A000B90D7 /* LaunchScreen.storyboard */,
				9638C36E2864772A000B90D7 /* Info.plist */,
			);
			path = Resources;
			sourceTree = "<group>";
		};
		9696A53D28688E510053F6F7 /* Core */ = {
			isa = PBXGroup;
			children = (
				9696A53E28688E590053F6F7 /* Observable.swift */,
			);
			path = Core;
			sourceTree = "<group>";
		};
		9696A54028688E8A0053F6F7 /* MVVM+OneWayBinding */ = {
			isa = PBXGroup;
			children = (
				9696A53A28688E130053F6F7 /* ViewControllerWithMVVM+OneWayBinding.swift */,
				9696A54128688E9C0053F6F7 /* ViewModel+OneWay.swift */,
			);
			path = "MVVM+OneWayBinding";
			sourceTree = "<group>";
		};
		9696A54328688EBE0053F6F7 /* MVC */ = {
			isa = PBXGroup;
			children = (
				9638C36428647727000B90D7 /* ViewControllerWithMVC.swift */,
			);
			path = MVC;
			sourceTree = "<group>";
		};
		96A2F6B6286AE928001D1802 /* MVVM+TwoWayBinding */ = {
			isa = PBXGroup;
			children = (
				96A2F6B7286AE959001D1802 /* ViewControllerWithMVVM+TwoWayBinding.swift */,
				96A2F6B9286AE9A1001D1802 /* ViewModel+TwoWay.swift */,
			);
			path = "MVVM+TwoWayBinding";
			sourceTree = "<group>";
		};
		96A2F6BB286AEC21001D1802 /* Coordinator */ = {
			isa = PBXGroup;
			children = (
				96A2F6BC286AEC2A001D1802 /* Coordinator.swift */,
				96A2F6BE286AECA1001D1802 /* Storyborded.swift */,
				96A2F6C0286AED8A001D1802 /* MainCoordinator.swift */,
			);
			path = Coordinator;
			sourceTree = "<group>";
		};
		96A2F6C2286AF3B5001D1802 /* Features */ = {
			isa = PBXGroup;
			children = (
				9696A54028688E8A0053F6F7 /* MVVM+OneWayBinding */,
				96A2F6B6286AE928001D1802 /* MVVM+TwoWayBinding */,
				9696A54328688EBE0053F6F7 /* MVC */,
				96A2F6C4286AF3D9001D1802 /* PageOneViewController.swift */,
				96A2F6C6286AF568001D1802 /* PageTwoViewController.swift */,
			);
			path = Features;
			sourceTree = "<group>";
		};
/* End PBXGroup section */

/* Begin PBXNativeTarget section */
		9638C35C28647727000B90D7 /* Architecture Walkthrough */ = {
			isa = PBXNativeTarget;
			buildConfigurationList = 9638C3872864772B000B90D7 /* Build configuration list for PBXNativeTarget "Architecture Walkthrough" */;
			buildPhases = (
				2E1BC7C9FAC06B8A75CBA593 /* [CP] Check Pods Manifest.lock */,
				9638C35928647727000B90D7 /* Sources */,
				9638C35A28647727000B90D7 /* Frameworks */,
				9638C35B28647727000B90D7 /* Resources */,
				75723FEB3D5F377E6CAA9424 /* [CP] Embed Pods Frameworks */,
			);
			buildRules = (
			);
			dependencies = (
			);
			name = "Architecture Walkthrough";
			productName = "Architecture Walkthrough";
			productReference = 9638C35D28647727000B90D7 /* Architecture Walkthrough.app */;
			productType = "com.apple.product-type.application";
		};
		9638C3722864772B000B90D7 /* Architecture WalkthroughTests */ = {
			isa = PBXNativeTarget;
			buildConfigurationList = 9638C38A2864772B000B90D7 /* Build configuration list for PBXNativeTarget "Architecture WalkthroughTests" */;
			buildPhases = (
				92D87B5E68984A099A0BAB0E /* [CP] Check Pods Manifest.lock */,
				9638C36F2864772B000B90D7 /* Sources */,
				9638C3702864772B000B90D7 /* Frameworks */,
				9638C3712864772B000B90D7 /* Resources */,
			);
			buildRules = (
			);
			dependencies = (
				9638C3752864772B000B90D7 /* PBXTargetDependency */,
			);
			name = "Architecture WalkthroughTests";
			productName = "Architecture WalkthroughTests";
			productReference = 9638C3732864772B000B90D7 /* Architecture WalkthroughTests.xctest */;
			productType = "com.apple.product-type.bundle.unit-test";
		};
		9638C37C2864772B000B90D7 /* Architecture WalkthroughUITests */ = {
			isa = PBXNativeTarget;
			buildConfigurationList = 9638C38D2864772B000B90D7 /* Build configuration list for PBXNativeTarget "Architecture WalkthroughUITests" */;
			buildPhases = (
				3561FB3CFAE2F44CE46CE951 /* [CP] Check Pods Manifest.lock */,
				9638C3792864772B000B90D7 /* Sources */,
				9638C37A2864772B000B90D7 /* Frameworks */,
				9638C37B2864772B000B90D7 /* Resources */,
				9EC1069577FFD930B0099C10 /* [CP] Embed Pods Frameworks */,
			);
			buildRules = (
			);
			dependencies = (
				9638C37F2864772B000B90D7 /* PBXTargetDependency */,
			);
			name = "Architecture WalkthroughUITests";
			productName = "Architecture WalkthroughUITests";
			productReference = 9638C37D2864772B000B90D7 /* Architecture WalkthroughUITests.xctest */;
			productType = "com.apple.product-type.bundle.ui-testing";
		};
/* End PBXNativeTarget section */

/* Begin PBXProject section */
		9638C35528647727000B90D7 /* Project object */ = {
			isa = PBXProject;
			attributes = {
				BuildIndependentTargetsInParallel = 1;
				LastSwiftUpdateCheck = 1340;
				LastUpgradeCheck = 1340;
				TargetAttributes = {
					9638C35C28647727000B90D7 = {
						CreatedOnToolsVersion = 13.4;
					};
					9638C3722864772B000B90D7 = {
						CreatedOnToolsVersion = 13.4;
						TestTargetID = 9638C35C28647727000B90D7;
					};
					9638C37C2864772B000B90D7 = {
						CreatedOnToolsVersion = 13.4;
						TestTargetID = 9638C35C28647727000B90D7;
					};
				};
			};
			buildConfigurationList = 9638C35828647727000B90D7 /* Build configuration list for PBXProject "Architecture Walkthrough" */;
			compatibilityVersion = "Xcode 13.0";
			developmentRegion = en;
			hasScannedForEncodings = 0;
			knownRegions = (
				en,
				Base,
			);
			mainGroup = 9638C35428647727000B90D7;
			productRefGroup = 9638C35E28647727000B90D7 /* Products */;
			projectDirPath = "";
			projectRoot = "";
			targets = (
				9638C35C28647727000B90D7 /* Architecture Walkthrough */,
				9638C3722864772B000B90D7 /* Architecture WalkthroughTests */,
				9638C37C2864772B000B90D7 /* Architecture WalkthroughUITests */,
			);
		};
/* End PBXProject section */

/* Begin PBXResourcesBuildPhase section */
		9638C35B28647727000B90D7 /* Resources */ = {
			isa = PBXResourcesBuildPhase;
			buildActionMask = 2147483647;
			files = (
				9638C36D2864772A000B90D7 /* LaunchScreen.storyboard in Resources */,
				9638C36A2864772A000B90D7 /* Assets.xcassets in Resources */,
				9638C36828647727000B90D7 /* Main.storyboard in Resources */,
			);
			runOnlyForDeploymentPostprocessing = 0;
		};
		9638C3712864772B000B90D7 /* Resources */ = {
			isa = PBXResourcesBuildPhase;
			buildActionMask = 2147483647;
			files = (
			);
			runOnlyForDeploymentPostprocessing = 0;
		};
		9638C37B2864772B000B90D7 /* Resources */ = {
			isa = PBXResourcesBuildPhase;
			buildActionMask = 2147483647;
			files = (
			);
			runOnlyForDeploymentPostprocessing = 0;
		};
/* End PBXResourcesBuildPhase section */

/* Begin PBXShellScriptBuildPhase section */
		2E1BC7C9FAC06B8A75CBA593 /* [CP] Check Pods Manifest.lock */ = {
			isa = PBXShellScriptBuildPhase;
			buildActionMask = 2147483647;
			files = (
			);
			inputFileListPaths = (
			);
			inputPaths = (
				"${PODS_PODFILE_DIR_PATH}/Podfile.lock",
				"${PODS_ROOT}/Manifest.lock",
			);
			name = "[CP] Check Pods Manifest.lock";
			outputFileListPaths = (
			);
			outputPaths = (
				"$(DERIVED_FILE_DIR)/Pods-Architecture Walkthrough-checkManifestLockResult.txt",
			);
			runOnlyForDeploymentPostprocessing = 0;
			shellPath = /bin/sh;
			shellScript = "diff \"${PODS_PODFILE_DIR_PATH}/Podfile.lock\" \"${PODS_ROOT}/Manifest.lock\" > /dev/null\nif [ $? != 0 ] ; then\n    # print error to STDERR\n    echo \"error: The sandbox is not in sync with the Podfile.lock. Run 'pod install' or update your CocoaPods installation.\" >&2\n    exit 1\nfi\n# This output is used by Xcode 'outputs' to avoid re-running this script phase.\necho \"SUCCESS\" > \"${SCRIPT_OUTPUT_FILE_0}\"\n";
			showEnvVarsInLog = 0;
		};
		3561FB3CFAE2F44CE46CE951 /* [CP] Check Pods Manifest.lock */ = {
			isa = PBXShellScriptBuildPhase;
			buildActionMask = 2147483647;
			files = (
			);
			inputFileListPaths = (
			);
			inputPaths = (
				"${PODS_PODFILE_DIR_PATH}/Podfile.lock",
				"${PODS_ROOT}/Manifest.lock",
			);
			name = "[CP] Check Pods Manifest.lock";
			outputFileListPaths = (
			);
			outputPaths = (
				"$(DERIVED_FILE_DIR)/Pods-Architecture Walkthrough-Architecture WalkthroughUITests-checkManifestLockResult.txt",
			);
			runOnlyForDeploymentPostprocessing = 0;
			shellPath = /bin/sh;
			shellScript = "diff \"${PODS_PODFILE_DIR_PATH}/Podfile.lock\" \"${PODS_ROOT}/Manifest.lock\" > /dev/null\nif [ $? != 0 ] ; then\n    # print error to STDERR\n    echo \"error: The sandbox is not in sync with the Podfile.lock. Run 'pod install' or update your CocoaPods installation.\" >&2\n    exit 1\nfi\n# This output is used by Xcode 'outputs' to avoid re-running this script phase.\necho \"SUCCESS\" > \"${SCRIPT_OUTPUT_FILE_0}\"\n";
			showEnvVarsInLog = 0;
		};
		75723FEB3D5F377E6CAA9424 /* [CP] Embed Pods Frameworks */ = {
			isa = PBXShellScriptBuildPhase;
			buildActionMask = 2147483647;
			files = (
			);
			inputFileListPaths = (
				"${PODS_ROOT}/Target Support Files/Pods-Architecture Walkthrough/Pods-Architecture Walkthrough-frameworks-${CONFIGURATION}-input-files.xcfilelist",
			);
			name = "[CP] Embed Pods Frameworks";
			outputFileListPaths = (
				"${PODS_ROOT}/Target Support Files/Pods-Architecture Walkthrough/Pods-Architecture Walkthrough-frameworks-${CONFIGURATION}-output-files.xcfilelist",
			);
			runOnlyForDeploymentPostprocessing = 0;
			shellPath = /bin/sh;
			shellScript = "\"${PODS_ROOT}/Target Support Files/Pods-Architecture Walkthrough/Pods-Architecture Walkthrough-frameworks.sh\"\n";
			showEnvVarsInLog = 0;
		};
		92D87B5E68984A099A0BAB0E /* [CP] Check Pods Manifest.lock */ = {
			isa = PBXShellScriptBuildPhase;
			buildActionMask = 2147483647;
			files = (
			);
			inputFileListPaths = (
			);
			inputPaths = (
				"${PODS_PODFILE_DIR_PATH}/Podfile.lock",
				"${PODS_ROOT}/Manifest.lock",
			);
			name = "[CP] Check Pods Manifest.lock";
			outputFileListPaths = (
			);
			outputPaths = (
				"$(DERIVED_FILE_DIR)/Pods-Architecture WalkthroughTests-checkManifestLockResult.txt",
			);
			runOnlyForDeploymentPostprocessing = 0;
			shellPath = /bin/sh;
			shellScript = "diff \"${PODS_PODFILE_DIR_PATH}/Podfile.lock\" \"${PODS_ROOT}/Manifest.lock\" > /dev/null\nif [ $? != 0 ] ; then\n    # print error to STDERR\n    echo \"error: The sandbox is not in sync with the Podfile.lock. Run 'pod install' or update your CocoaPods installation.\" >&2\n    exit 1\nfi\n# This output is used by Xcode 'outputs' to avoid re-running this script phase.\necho \"SUCCESS\" > \"${SCRIPT_OUTPUT_FILE_0}\"\n";
			showEnvVarsInLog = 0;
		};
		9EC1069577FFD930B0099C10 /* [CP] Embed Pods Frameworks */ = {
			isa = PBXShellScriptBuildPhase;
			buildActionMask = 2147483647;
			files = (
			);
			inputFileListPaths = (
				"${PODS_ROOT}/Target Support Files/Pods-Architecture Walkthrough-Architecture WalkthroughUITests/Pods-Architecture Walkthrough-Architecture WalkthroughUITests-frameworks-${CONFIGURATION}-input-files.xcfilelist",
			);
			name = "[CP] Embed Pods Frameworks";
			outputFileListPaths = (
				"${PODS_ROOT}/Target Support Files/Pods-Architecture Walkthrough-Architecture WalkthroughUITests/Pods-Architecture Walkthrough-Architecture WalkthroughUITests-frameworks-${CONFIGURATION}-output-files.xcfilelist",
			);
			runOnlyForDeploymentPostprocessing = 0;
			shellPath = /bin/sh;
			shellScript = "\"${PODS_ROOT}/Target Support Files/Pods-Architecture Walkthrough-Architecture WalkthroughUITests/Pods-Architecture Walkthrough-Architecture WalkthroughUITests-frameworks.sh\"\n";
			showEnvVarsInLog = 0;
		};
/* End PBXShellScriptBuildPhase section */

/* Begin PBXSourcesBuildPhase section */
		9638C35928647727000B90D7 /* Sources */ = {
			isa = PBXSourcesBuildPhase;
			buildActionMask = 2147483647;
			files = (
				9638C3B128649592000B90D7 /* String+Extension.swift in Sources */,
				9638C39F2864836E000B90D7 /* TodoTableViewCell.swift in Sources */,
				9696A54228688E9C0053F6F7 /* ViewModel+OneWay.swift in Sources */,
				9696A53B28688E130053F6F7 /* ViewControllerWithMVVM+OneWayBinding.swift in Sources */,
				9638C39628647CBE000B90D7 /* TodoEntity.swift in Sources */,
				96A2F6BF286AECA1001D1802 /* Storyborded.swift in Sources */,
				9638C39328647C7B000B90D7 /* APIServiceProtocol.swift in Sources */,
				96A2F6BD286AEC2A001D1802 /* Coordinator.swift in Sources */,
				9638C36528647727000B90D7 /* ViewControllerWithMVC.swift in Sources */,
				96A2F6C1286AED8A001D1802 /* MainCoordinator.swift in Sources */,
				9696A53F28688E590053F6F7 /* Observable.swift in Sources */,
				96A2F6BA286AE9A1001D1802 /* ViewModel+TwoWay.swift in Sources */,
				96A2F6C5286AF3D9001D1802 /* PageOneViewController.swift in Sources */,
				9638C36128647727000B90D7 /* AppDelegate.swift in Sources */,
				96A2F6C7286AF568001D1802 /* PageTwoViewController.swift in Sources */,
				9638C39828647EBC000B90D7 /* APIService.swift in Sources */,
				9638C36328647727000B90D7 /* SceneDelegate.swift in Sources */,
				96A2F6B8286AE959001D1802 /* ViewControllerWithMVVM+TwoWayBinding.swift in Sources */,
			);
			runOnlyForDeploymentPostprocessing = 0;
		};
		9638C36F2864772B000B90D7 /* Sources */ = {
			isa = PBXSourcesBuildPhase;
			buildActionMask = 2147483647;
			files = (
				9638C39C2864812B000B90D7 /* APIServiceMock.swift in Sources */,
				9638C3782864772B000B90D7 /* Architecture_WalkthroughTests.swift in Sources */,
			);
			runOnlyForDeploymentPostprocessing = 0;
		};
		9638C3792864772B000B90D7 /* Sources */ = {
			isa = PBXSourcesBuildPhase;
			buildActionMask = 2147483647;
			files = (
				9638C3842864772B000B90D7 /* Architecture_WalkthroughUITestsLaunchTests.swift in Sources */,
				9638C3822864772B000B90D7 /* Architecture_WalkthroughUITests.swift in Sources */,
			);
			runOnlyForDeploymentPostprocessing = 0;
		};
/* End PBXSourcesBuildPhase section */

/* Begin PBXTargetDependency section */
		9638C3752864772B000B90D7 /* PBXTargetDependency */ = {
			isa = PBXTargetDependency;
			target = 9638C35C28647727000B90D7 /* Architecture Walkthrough */;
			targetProxy = 9638C3742864772B000B90D7 /* PBXContainerItemProxy */;
		};
		9638C37F2864772B000B90D7 /* PBXTargetDependency */ = {
			isa = PBXTargetDependency;
			target = 9638C35C28647727000B90D7 /* Architecture Walkthrough */;
			targetProxy = 9638C37E2864772B000B90D7 /* PBXContainerItemProxy */;
		};
/* End PBXTargetDependency section */

/* Begin PBXVariantGroup section */
		9638C36628647727000B90D7 /* Main.storyboard */ = {
			isa = PBXVariantGroup;
			children = (
				9638C36728647727000B90D7 /* Base */,
			);
			name = Main.storyboard;
			sourceTree = "<group>";
		};
		9638C36B2864772A000B90D7 /* LaunchScreen.storyboard */ = {
			isa = PBXVariantGroup;
			children = (
				9638C36C2864772A000B90D7 /* Base */,
			);
			name = LaunchScreen.storyboard;
			sourceTree = "<group>";
		};
/* End PBXVariantGroup section */

/* Begin XCBuildConfiguration section */
		9638C3852864772B000B90D7 /* Debug */ = {
			isa = XCBuildConfiguration;
			buildSettings = {
				ALWAYS_SEARCH_USER_PATHS = NO;
				CLANG_ANALYZER_NONNULL = YES;
				CLANG_ANALYZER_NUMBER_OBJECT_CONVERSION = YES_AGGRESSIVE;
				CLANG_CXX_LANGUAGE_STANDARD = "gnu++17";
				CLANG_ENABLE_MODULES = YES;
				CLANG_ENABLE_OBJC_ARC = YES;
				CLANG_ENABLE_OBJC_WEAK = YES;
				CLANG_WARN_BLOCK_CAPTURE_AUTORELEASING = YES;
				CLANG_WARN_BOOL_CONVERSION = YES;
				CLANG_WARN_COMMA = YES;
				CLANG_WARN_CONSTANT_CONVERSION = YES;
				CLANG_WARN_DEPRECATED_OBJC_IMPLEMENTATIONS = YES;
				CLANG_WARN_DIRECT_OBJC_ISA_USAGE = YES_ERROR;
				CLANG_WARN_DOCUMENTATION_COMMENTS = YES;
				CLANG_WARN_EMPTY_BODY = YES;
				CLANG_WARN_ENUM_CONVERSION = YES;
				CLANG_WARN_INFINITE_RECURSION = YES;
				CLANG_WARN_INT_CONVERSION = YES;
				CLANG_WARN_NON_LITERAL_NULL_CONVERSION = YES;
				CLANG_WARN_OBJC_IMPLICIT_RETAIN_SELF = YES;
				CLANG_WARN_OBJC_LITERAL_CONVERSION = YES;
				CLANG_WARN_OBJC_ROOT_CLASS = YES_ERROR;
				CLANG_WARN_QUOTED_INCLUDE_IN_FRAMEWORK_HEADER = YES;
				CLANG_WARN_RANGE_LOOP_ANALYSIS = YES;
				CLANG_WARN_STRICT_PROTOTYPES = YES;
				CLANG_WARN_SUSPICIOUS_MOVE = YES;
				CLANG_WARN_UNGUARDED_AVAILABILITY = YES_AGGRESSIVE;
				CLANG_WARN_UNREACHABLE_CODE = YES;
				CLANG_WARN__DUPLICATE_METHOD_MATCH = YES;
				COPY_PHASE_STRIP = NO;
				DEBUG_INFORMATION_FORMAT = dwarf;
				ENABLE_STRICT_OBJC_MSGSEND = YES;
				ENABLE_TESTABILITY = YES;
				GCC_C_LANGUAGE_STANDARD = gnu11;
				GCC_DYNAMIC_NO_PIC = NO;
				GCC_NO_COMMON_BLOCKS = YES;
				GCC_OPTIMIZATION_LEVEL = 0;
				GCC_PREPROCESSOR_DEFINITIONS = (
					"DEBUG=1",
					"$(inherited)",
				);
				GCC_WARN_64_TO_32_BIT_CONVERSION = YES;
				GCC_WARN_ABOUT_RETURN_TYPE = YES_ERROR;
				GCC_WARN_UNDECLARED_SELECTOR = YES;
				GCC_WARN_UNINITIALIZED_AUTOS = YES_AGGRESSIVE;
				GCC_WARN_UNUSED_FUNCTION = YES;
				GCC_WARN_UNUSED_VARIABLE = YES;
				IPHONEOS_DEPLOYMENT_TARGET = 15.5;
				MTL_ENABLE_DEBUG_INFO = INCLUDE_SOURCE;
				MTL_FAST_MATH = YES;
				ONLY_ACTIVE_ARCH = YES;
				SDKROOT = iphoneos;
				SWIFT_ACTIVE_COMPILATION_CONDITIONS = DEBUG;
				SWIFT_OPTIMIZATION_LEVEL = "-Onone";
			};
			name = Debug;
		};
		9638C3862864772B000B90D7 /* Release */ = {
			isa = XCBuildConfiguration;
			buildSettings = {
				ALWAYS_SEARCH_USER_PATHS = NO;
				CLANG_ANALYZER_NONNULL = YES;
				CLANG_ANALYZER_NUMBER_OBJECT_CONVERSION = YES_AGGRESSIVE;
				CLANG_CXX_LANGUAGE_STANDARD = "gnu++17";
				CLANG_ENABLE_MODULES = YES;
				CLANG_ENABLE_OBJC_ARC = YES;
				CLANG_ENABLE_OBJC_WEAK = YES;
				CLANG_WARN_BLOCK_CAPTURE_AUTORELEASING = YES;
				CLANG_WARN_BOOL_CONVERSION = YES;
				CLANG_WARN_COMMA = YES;
				CLANG_WARN_CONSTANT_CONVERSION = YES;
				CLANG_WARN_DEPRECATED_OBJC_IMPLEMENTATIONS = YES;
				CLANG_WARN_DIRECT_OBJC_ISA_USAGE = YES_ERROR;
				CLANG_WARN_DOCUMENTATION_COMMENTS = YES;
				CLANG_WARN_EMPTY_BODY = YES;
				CLANG_WARN_ENUM_CONVERSION = YES;
				CLANG_WARN_INFINITE_RECURSION = YES;
				CLANG_WARN_INT_CONVERSION = YES;
				CLANG_WARN_NON_LITERAL_NULL_CONVERSION = YES;
				CLANG_WARN_OBJC_IMPLICIT_RETAIN_SELF = YES;
				CLANG_WARN_OBJC_LITERAL_CONVERSION = YES;
				CLANG_WARN_OBJC_ROOT_CLASS = YES_ERROR;
				CLANG_WARN_QUOTED_INCLUDE_IN_FRAMEWORK_HEADER = YES;
				CLANG_WARN_RANGE_LOOP_ANALYSIS = YES;
				CLANG_WARN_STRICT_PROTOTYPES = YES;
				CLANG_WARN_SUSPICIOUS_MOVE = YES;
				CLANG_WARN_UNGUARDED_AVAILABILITY = YES_AGGRESSIVE;
				CLANG_WARN_UNREACHABLE_CODE = YES;
				CLANG_WARN__DUPLICATE_METHOD_MATCH = YES;
				COPY_PHASE_STRIP = NO;
				DEBUG_INFORMATION_FORMAT = "dwarf-with-dsym";
				ENABLE_NS_ASSERTIONS = NO;
				ENABLE_STRICT_OBJC_MSGSEND = YES;
				GCC_C_LANGUAGE_STANDARD = gnu11;
				GCC_NO_COMMON_BLOCKS = YES;
				GCC_WARN_64_TO_32_BIT_CONVERSION = YES;
				GCC_WARN_ABOUT_RETURN_TYPE = YES_ERROR;
				GCC_WARN_UNDECLARED_SELECTOR = YES;
				GCC_WARN_UNINITIALIZED_AUTOS = YES_AGGRESSIVE;
				GCC_WARN_UNUSED_FUNCTION = YES;
				GCC_WARN_UNUSED_VARIABLE = YES;
				IPHONEOS_DEPLOYMENT_TARGET = 15.5;
				MTL_ENABLE_DEBUG_INFO = NO;
				MTL_FAST_MATH = YES;
				SDKROOT = iphoneos;
				SWIFT_COMPILATION_MODE = wholemodule;
				SWIFT_OPTIMIZATION_LEVEL = "-O";
				VALIDATE_PRODUCT = YES;
			};
			name = Release;
		};
		9638C3882864772B000B90D7 /* Debug */ = {
			isa = XCBuildConfiguration;
			baseConfigurationReference = A423E09EF4DDD1D3727E8982 /* Pods-Architecture Walkthrough.debug.xcconfig */;
			buildSettings = {
				ASSETCATALOG_COMPILER_APPICON_NAME = AppIcon;
				ASSETCATALOG_COMPILER_GLOBAL_ACCENT_COLOR_NAME = AccentColor;
				CODE_SIGN_STYLE = Automatic;
				CURRENT_PROJECT_VERSION = 1;
				DEVELOPMENT_TEAM = Y8DCAWD753;
				GENERATE_INFOPLIST_FILE = YES;
				INFOPLIST_FILE = "Architecture Walkthrough/Resources/Info.plist";
				INFOPLIST_KEY_UIApplicationSupportsIndirectInputEvents = YES;
				INFOPLIST_KEY_UILaunchStoryboardName = LaunchScreen;
				INFOPLIST_KEY_UISupportedInterfaceOrientations_iPad = "UIInterfaceOrientationPortrait UIInterfaceOrientationPortraitUpsideDown UIInterfaceOrientationLandscapeLeft UIInterfaceOrientationLandscapeRight";
				INFOPLIST_KEY_UISupportedInterfaceOrientations_iPhone = "UIInterfaceOrientationPortrait UIInterfaceOrientationLandscapeLeft UIInterfaceOrientationLandscapeRight";
				LD_RUNPATH_SEARCH_PATHS = (
					"$(inherited)",
					"@executable_path/Frameworks",
				);
				MARKETING_VERSION = 1.0;
				PRODUCT_BUNDLE_IDENTIFIER = "Androbi.Architecture-Walkthrough";
				PRODUCT_NAME = "$(TARGET_NAME)";
				SWIFT_EMIT_LOC_STRINGS = YES;
				SWIFT_VERSION = 5.0;
				TARGETED_DEVICE_FAMILY = "1,2";
			};
			name = Debug;
		};
		9638C3892864772B000B90D7 /* Release */ = {
			isa = XCBuildConfiguration;
			baseConfigurationReference = 98ACBAE7266AF74DE6EA14E1 /* Pods-Architecture Walkthrough.release.xcconfig */;
			buildSettings = {
				ASSETCATALOG_COMPILER_APPICON_NAME = AppIcon;
				ASSETCATALOG_COMPILER_GLOBAL_ACCENT_COLOR_NAME = AccentColor;
				CODE_SIGN_STYLE = Automatic;
				CURRENT_PROJECT_VERSION = 1;
				DEVELOPMENT_TEAM = Y8DCAWD753;
				GENERATE_INFOPLIST_FILE = YES;
				INFOPLIST_FILE = "Architecture Walkthrough/Resources/Info.plist";
				INFOPLIST_KEY_UIApplicationSupportsIndirectInputEvents = YES;
				INFOPLIST_KEY_UILaunchStoryboardName = LaunchScreen;
				INFOPLIST_KEY_UISupportedInterfaceOrientations_iPad = "UIInterfaceOrientationPortrait UIInterfaceOrientationPortraitUpsideDown UIInterfaceOrientationLandscapeLeft UIInterfaceOrientationLandscapeRight";
				INFOPLIST_KEY_UISupportedInterfaceOrientations_iPhone = "UIInterfaceOrientationPortrait UIInterfaceOrientationLandscapeLeft UIInterfaceOrientationLandscapeRight";
				LD_RUNPATH_SEARCH_PATHS = (
					"$(inherited)",
					"@executable_path/Frameworks",
				);
				MARKETING_VERSION = 1.0;
				PRODUCT_BUNDLE_IDENTIFIER = "Androbi.Architecture-Walkthrough";
				PRODUCT_NAME = "$(TARGET_NAME)";
				SWIFT_EMIT_LOC_STRINGS = YES;
				SWIFT_VERSION = 5.0;
				TARGETED_DEVICE_FAMILY = "1,2";
			};
			name = Release;
		};
		9638C38B2864772B000B90D7 /* Debug */ = {
			isa = XCBuildConfiguration;
			baseConfigurationReference = 5C42B48F6C3C1190AED22555 /* Pods-Architecture WalkthroughTests.debug.xcconfig */;
			buildSettings = {
				ALWAYS_EMBED_SWIFT_STANDARD_LIBRARIES = YES;
				BUNDLE_LOADER = "$(TEST_HOST)";
				CODE_SIGN_STYLE = Automatic;
				CURRENT_PROJECT_VERSION = 1;
				DEVELOPMENT_TEAM = Y8DCAWD753;
				GENERATE_INFOPLIST_FILE = YES;
				IPHONEOS_DEPLOYMENT_TARGET = 15.5;
				MARKETING_VERSION = 1.0;
				PRODUCT_BUNDLE_IDENTIFIER = "Androbi.Architecture-WalkthroughTests";
				PRODUCT_NAME = "$(TARGET_NAME)";
				SWIFT_EMIT_LOC_STRINGS = NO;
				SWIFT_VERSION = 5.0;
				TARGETED_DEVICE_FAMILY = "1,2";
				TEST_HOST = "$(BUILT_PRODUCTS_DIR)/Architecture Walkthrough.app/Architecture Walkthrough";
			};
			name = Debug;
		};
		9638C38C2864772B000B90D7 /* Release */ = {
			isa = XCBuildConfiguration;
			baseConfigurationReference = E30FD0A9B646F4EFD34BCFFB /* Pods-Architecture WalkthroughTests.release.xcconfig */;
			buildSettings = {
				ALWAYS_EMBED_SWIFT_STANDARD_LIBRARIES = YES;
				BUNDLE_LOADER = "$(TEST_HOST)";
				CODE_SIGN_STYLE = Automatic;
				CURRENT_PROJECT_VERSION = 1;
				DEVELOPMENT_TEAM = Y8DCAWD753;
				GENERATE_INFOPLIST_FILE = YES;
				IPHONEOS_DEPLOYMENT_TARGET = 15.5;
				MARKETING_VERSION = 1.0;
				PRODUCT_BUNDLE_IDENTIFIER = "Androbi.Architecture-WalkthroughTests";
				PRODUCT_NAME = "$(TARGET_NAME)";
				SWIFT_EMIT_LOC_STRINGS = NO;
				SWIFT_VERSION = 5.0;
				TARGETED_DEVICE_FAMILY = "1,2";
				TEST_HOST = "$(BUILT_PRODUCTS_DIR)/Architecture Walkthrough.app/Architecture Walkthrough";
			};
			name = Release;
		};
		9638C38E2864772B000B90D7 /* Debug */ = {
			isa = XCBuildConfiguration;
			baseConfigurationReference = 556947B390E9EE0FE5054EA1 /* Pods-Architecture Walkthrough-Architecture WalkthroughUITests.debug.xcconfig */;
			buildSettings = {
				ALWAYS_EMBED_SWIFT_STANDARD_LIBRARIES = YES;
				CODE_SIGN_STYLE = Automatic;
				CURRENT_PROJECT_VERSION = 1;
				DEVELOPMENT_TEAM = Y8DCAWD753;
				GENERATE_INFOPLIST_FILE = YES;
				MARKETING_VERSION = 1.0;
				PRODUCT_BUNDLE_IDENTIFIER = "Androbi.Architecture-WalkthroughUITests";
				PRODUCT_NAME = "$(TARGET_NAME)";
				SWIFT_EMIT_LOC_STRINGS = NO;
				SWIFT_VERSION = 5.0;
				TARGETED_DEVICE_FAMILY = "1,2";
				TEST_TARGET_NAME = "Architecture Walkthrough";
			};
			name = Debug;
		};
		9638C38F2864772B000B90D7 /* Release */ = {
			isa = XCBuildConfiguration;
			baseConfigurationReference = E2131145E41289B6607B2558 /* Pods-Architecture Walkthrough-Architecture WalkthroughUITests.release.xcconfig */;
			buildSettings = {
				ALWAYS_EMBED_SWIFT_STANDARD_LIBRARIES = YES;
				CODE_SIGN_STYLE = Automatic;
				CURRENT_PROJECT_VERSION = 1;
				DEVELOPMENT_TEAM = Y8DCAWD753;
				GENERATE_INFOPLIST_FILE = YES;
				MARKETING_VERSION = 1.0;
				PRODUCT_BUNDLE_IDENTIFIER = "Androbi.Architecture-WalkthroughUITests";
				PRODUCT_NAME = "$(TARGET_NAME)";
				SWIFT_EMIT_LOC_STRINGS = NO;
				SWIFT_VERSION = 5.0;
				TARGETED_DEVICE_FAMILY = "1,2";
				TEST_TARGET_NAME = "Architecture Walkthrough";
			};
			name = Release;
		};
/* End XCBuildConfiguration section */

/* Begin XCConfigurationList section */
		9638C35828647727000B90D7 /* Build configuration list for PBXProject "Architecture Walkthrough" */ = {
			isa = XCConfigurationList;
			buildConfigurations = (
				9638C3852864772B000B90D7 /* Debug */,
				9638C3862864772B000B90D7 /* Release */,
			);
			defaultConfigurationIsVisible = 0;
			defaultConfigurationName = Release;
		};
		9638C3872864772B000B90D7 /* Build configuration list for PBXNativeTarget "Architecture Walkthrough" */ = {
			isa = XCConfigurationList;
			buildConfigurations = (
				9638C3882864772B000B90D7 /* Debug */,
				9638C3892864772B000B90D7 /* Release */,
			);
			defaultConfigurationIsVisible = 0;
			defaultConfigurationName = Release;
		};
		9638C38A2864772B000B90D7 /* Build configuration list for PBXNativeTarget "Architecture WalkthroughTests" */ = {
			isa = XCConfigurationList;
			buildConfigurations = (
				9638C38B2864772B000B90D7 /* Debug */,
				9638C38C2864772B000B90D7 /* Release */,
			);
			defaultConfigurationIsVisible = 0;
			defaultConfigurationName = Release;
		};
		9638C38D2864772B000B90D7 /* Build configuration list for PBXNativeTarget "Architecture WalkthroughUITests" */ = {
			isa = XCConfigurationList;
			buildConfigurations = (
				9638C38E2864772B000B90D7 /* Debug */,
				9638C38F2864772B000B90D7 /* Release */,
			);
			defaultConfigurationIsVisible = 0;
			defaultConfigurationName = Release;
		};
/* End XCConfigurationList section */
	};
	rootObject = 9638C35528647727000B90D7 /* Project object */;
}
