// !$*UTF8*$!
{
	archiveVersion = 1;
	classes = {
	};
	objectVersion = 55;
	objects = {

/* Begin PBXBuildFile section */
		9638C36128647727000B90D7 /* AppDelegate.swift in Sources */ = {isa = PBXBuildFile; fileRef = 9638C36028647727000B90D7 /* AppDelegate.swift */; };
		9638C36328647727000B90D7 /* SceneDelegate.swift in Sources */ = {isa = PBXBuildFile; fileRef = 9638C36228647727000B90D7 /* SceneDelegate.swift */; };
		9638C36528647727000B90D7 /* ViewController.swift in Sources */ = {isa = PBXBuildFile; fileRef = 9638C36428647727000B90D7 /* ViewController.swift */; };
		9638C36828647727000B90D7 /* Main.storyboard in Resources */ = {isa = PBXBuildFile; fileRef = 9638C36628647727000B90D7 /* Main.storyboard */; };
		9638C36A2864772A000B90D7 /* Assets.xcassets in Resources */ = {isa = PBXBuildFile; fileRef = 9638C3692864772A000B90D7 /* Assets.xcassets */; };
		9638C36D2864772A000B90D7 /* LaunchScreen.storyboard in Resources */ = {isa = PBXBuildFile; fileRef = 9638C36B2864772A000B90D7 /* LaunchScreen.storyboard */; };
		9638C3782864772B000B90D7 /* Architecture_WalkthroughTests.swift in Sources */ = {isa = PBXBuildFile; fileRef = 9638C3772864772B000B90D7 /* Architecture_WalkthroughTests.swift */; };
		9638C3822864772B000B90D7 /* Architecture_WalkthroughUITests.swift in Sources */ = {isa = PBXBuildFile; fileRef = 9638C3812864772B000B90D7 /* Architecture_WalkthroughUITests.swift */; };
		9638C3842864772B000B90D7 /* Architecture_WalkthroughUITestsLaunchTests.swift in Sources */ = {isa = PBXBuildFile; fileRef = 9638C3832864772B000B90D7 /* Architecture_WalkthroughUITestsLaunchTests.swift */; };
/* End PBXBuildFile section */

/* Begin PBXContainerItemProxy section */
		9638C3742864772B000B90D7 /* PBXContainerItemProxy */ = {
			isa = PBXContainerItemProxy;
			containerPortal = 9638C35528647727000B90D7 /* Project object */;
			proxyType = 1;
			remoteGlobalIDString = 9638C35C28647727000B90D7;
			remoteInfo = "Architecture Walkthrough";
		};
		9638C37E2864772B000B90D7 /* PBXContainerItemProxy */ = {
			isa = PBXContainerItemProxy;
			containerPortal = 9638C35528647727000B90D7 /* Project object */;
			proxyType = 1;
			remoteGlobalIDString = 9638C35C28647727000B90D7;
			remoteInfo = "Architecture Walkthrough";
		};
/* End PBXContainerItemProxy section */

/* Begin PBXFileReference section */
		9638C35D28647727000B90D7 /* Architecture Walkthrough.app */ = {isa = PBXFileReference; explicitFileType = wrapper.application; includeInIndex = 0; path = "Architecture Walkthrough.app"; sourceTree = BUILT_PRODUCTS_DIR; };
		9638C36028647727000B90D7 /* AppDelegate.swift */ = {isa = PBXFileReference; lastKnownFileType = sourcecode.swift; path = AppDelegate.swift; sourceTree = "<group>"; };
		9638C36228647727000B90D7 /* SceneDelegate.swift */ = {isa = PBXFileReference; lastKnownFileType = sourcecode.swift; path = SceneDelegate.swift; sourceTree = "<group>"; };
		9638C36428647727000B90D7 /* ViewController.swift */ = {isa = PBXFileReference; lastKnownFileType = sourcecode.swift; path = ViewController.swift; sourceTree = "<group>"; };
		9638C36728647727000B90D7 /* Base */ = {isa = PBXFileReference; lastKnownFileType = file.storyboard; name = Base; path = Base.lproj/Main.storyboard; sourceTree = "<group>"; };
		9638C3692864772A000B90D7 /* Assets.xcassets */ = {isa = PBXFileReference; lastKnownFileType = folder.assetcatalog; path = Assets.xcassets; sourceTree = "<group>"; };
		9638C36C2864772A000B90D7 /* Base */ = {isa = PBXFileReference; lastKnownFileType = file.storyboard; name = Base; path = Base.lproj/LaunchScreen.storyboard; sourceTree = "<group>"; };
		9638C36E2864772A000B90D7 /* Info.plist */ = {isa = PBXFileReference; lastKnownFileType = text.plist.xml; path = Info.plist; sourceTree = "<group>"; };
		9638C3732864772B000B90D7 /* Architecture WalkthroughTests.xctest */ = {isa = PBXFileReference; explicitFileType = wrapper.cfbundle; includeInIndex = 0; path = "Architecture WalkthroughTests.xctest"; sourceTree = BUILT_PRODUCTS_DIR; };
		9638C3772864772B000B90D7 /* Architecture_WalkthroughTests.swift */ = {isa = PBXFileReference; lastKnownFileType = sourcecode.swift; path = Architecture_WalkthroughTests.swift; sourceTree = "<group>"; };
		9638C37D2864772B000B90D7 /* Architecture WalkthroughUITests.xctest */ = {isa = PBXFileReference; explicitFileType = wrapper.cfbundle; includeInIndex = 0; path = "Architecture WalkthroughUITests.xctest"; sourceTree = BUILT_PRODUCTS_DIR; };
		9638C3812864772B000B90D7 /* Architecture_WalkthroughUITests.swift */ = {isa = PBXFileReference; lastKnownFileType = sourcecode.swift; path = Architecture_WalkthroughUITests.swift; sourceTree = "<group>"; };
		9638C3832864772B000B90D7 /* Architecture_WalkthroughUITestsLaunchTests.swift */ = {isa = PBXFileReference; lastKnownFileType = sourcecode.swift; path = Architecture_WalkthroughUITestsLaunchTests.swift; sourceTree = "<group>"; };
/* End PBXFileReference section */

/* Begin PBXFrameworksBuildPhase section */
		9638C35A28647727000B90D7 /* Frameworks */ = {
			isa = PBXFrameworksBuildPhase;
			buildActionMask = 2147483647;
			files = (
			);
			runOnlyForDeploymentPostprocessing = 0;
		};
		9638C3702864772B000B90D7 /* Frameworks */ = {
			isa = PBXFrameworksBuildPhase;
			buildActionMask = 2147483647;
			files = (
			);
			runOnlyForDeploymentPostprocessing = 0;
		};
		9638C37A2864772B000B90D7 /* Frameworks */ = {
			isa = PBXFrameworksBuildPhase;
			buildActionMask = 2147483647;
			files = (
			);
			runOnlyForDeploymentPostprocessing = 0;
		};
/* End PBXFrameworksBuildPhase section */

/* Begin PBXGroup section */
		9638C35428647727000B90D7 = {
			isa = PBXGroup;
			children = (
				9638C35F28647727000B90D7 /* Architecture Walkthrough */,
				9638C3762864772B000B90D7 /* Architecture WalkthroughTests */,
				9638C3802864772B000B90D7 /* Architecture WalkthroughUITests */,
				9638C35E28647727000B90D7 /* Products */,
			);
			sourceTree = "<group>";
		};
		9638C35E28647727000B90D7 /* Products */ = {
			isa = PBXGroup;
			children = (
				9638C35D28647727000B90D7 /* Architecture Walkthrough.app */,
				9638C3732864772B000B90D7 /* Architecture WalkthroughTests.xctest */,
				9638C37D2864772B000B90D7 /* Architecture WalkthroughUITests.xctest */,
			);
			name = Products;
			sourceTree = "<group>";
		};
		9638C35F28647727000B90D7 /* Architecture Walkthrough */ = {
			isa = PBXGroup;
			children = (
				9638C36028647727000B90D7 /* AppDelegate.swift */,
				9638C36228647727000B90D7 /* SceneDelegate.swift */,
				9638C36428647727000B90D7 /* ViewController.swift */,
				9638C36628647727000B90D7 /* Main.storyboard */,
				9638C3692864772A000B90D7 /* Assets.xcassets */,
				9638C36B2864772A000B90D7 /* LaunchScreen.storyboard */,
				9638C36E2864772A000B90D7 /* Info.plist */,
			);
			path = "Architecture Walkthrough";
			sourceTree = "<group>";
		};
		9638C3762864772B000B90D7 /* Architecture WalkthroughTests */ = {
			isa = PBXGroup;
			children = (
				9638C3772864772B000B90D7 /* Architecture_WalkthroughTests.swift */,
			);
			path = "Architecture WalkthroughTests";
			sourceTree = "<group>";
		};
		9638C3802864772B000B90D7 /* Architecture WalkthroughUITests */ = {
			isa = PBXGroup;
			children = (
				9638C3812864772B000B90D7 /* Architecture_WalkthroughUITests.swift */,
				9638C3832864772B000B90D7 /* Architecture_WalkthroughUITestsLaunchTests.swift */,
			);
			path = "Architecture WalkthroughUITests";
			sourceTree = "<group>";
		};
/* End PBXGroup section */

/* Begin PBXNativeTarget section */
		9638C35C28647727000B90D7 /* Architecture Walkthrough */ = {
			isa = PBXNativeTarget;
			buildConfigurationList = 9638C3872864772B000B90D7 /* Build configuration list for PBXNativeTarget "Architecture Walkthrough" */;
			buildPhases = (
				9638C35928647727000B90D7 /* Sources */,
				9638C35A28647727000B90D7 /* Frameworks */,
				9638C35B28647727000B90D7 /* Resources */,
			);
			buildRules = (
			);
			dependencies = (
			);
			name = "Architecture Walkthrough";
			productName = "Architecture Walkthrough";
			productReference = 9638C35D28647727000B90D7 /* Architecture Walkthrough.app */;
			productType = "com.apple.product-type.application";
		};
		9638C3722864772B000B90D7 /* Architecture WalkthroughTests */ = {
			isa = PBXNativeTarget;
			buildConfigurationList = 9638C38A2864772B000B90D7 /* Build configuration list for PBXNativeTarget "Architecture WalkthroughTests" */;
			buildPhases = (
				9638C36F2864772B000B90D7 /* Sources */,
				9638C3702864772B000B90D7 /* Frameworks */,
				9638C3712864772B000B90D7 /* Resources */,
			);
			buildRules = (
			);
			dependencies = (
				9638C3752864772B000B90D7 /* PBXTargetDependency */,
			);
			name = "Architecture WalkthroughTests";
			productName = "Architecture WalkthroughTests";
			productReference = 9638C3732864772B000B90D7 /* Architecture WalkthroughTests.xctest */;
			productType = "com.apple.product-type.bundle.unit-test";
		};
		9638C37C2864772B000B90D7 /* Architecture WalkthroughUITests */ = {
			isa = PBXNativeTarget;
			buildConfigurationList = 9638C38D2864772B000B90D7 /* Build configuration list for PBXNativeTarget "Architecture WalkthroughUITests" */;
			buildPhases = (
				9638C3792864772B000B90D7 /* Sources */,
				9638C37A2864772B000B90D7 /* Frameworks */,
				9638C37B2864772B000B90D7 /* Resources */,
			);
			buildRules = (
			);
			dependencies = (
				9638C37F2864772B000B90D7 /* PBXTargetDependency */,
			);
			name = "Architecture WalkthroughUITests";
			productName = "Architecture WalkthroughUITests";
			productReference = 9638C37D2864772B000B90D7 /* Architecture WalkthroughUITests.xctest */;
			productType = "com.apple.product-type.bundle.ui-testing";
		};
/* End PBXNativeTarget section */

/* Begin PBXProject section */
		9638C35528647727000B90D7 /* Project object */ = {
			isa = PBXProject;
			attributes = {
				BuildIndependentTargetsInParallel = 1;
				LastSwiftUpdateCheck = 1340;
				LastUpgradeCheck = 1340;
				TargetAttributes = {
					9638C35C28647727000B90D7 = {
						CreatedOnToolsVersion = 13.4;
					};
					9638C3722864772B000B90D7 = {
						CreatedOnToolsVersion = 13.4;
						TestTargetID = 9638C35C28647727000B90D7;
					};
					9638C37C2864772B000B90D7 = {
						CreatedOnToolsVersion = 13.4;
						TestTargetID = 9638C35C28647727000B90D7;
					};
				};
			};
			buildConfigurationList = 9638C35828647727000B90D7 /* Build configuration list for PBXProject "Architecture Walkthrough" */;
			compatibilityVersion = "Xcode 13.0";
			developmentRegion = en;
			hasScannedForEncodings = 0;
			knownRegions = (
				en,
				Base,
			);
			mainGroup = 9638C35428647727000B90D7;
			productRefGroup = 9638C35E28647727000B90D7 /* Products */;
			projectDirPath = "";
			projectRoot = "";
			targets = (
				9638C35C28647727000B90D7 /* Architecture Walkthrough */,
				9638C3722864772B000B90D7 /* Architecture WalkthroughTests */,
				9638C37C2864772B000B90D7 /* Architecture WalkthroughUITests */,
			);
		};
/* End PBXProject section */

/* Begin PBXResourcesBuildPhase section */
		9638C35B28647727000B90D7 /* Resources */ = {
			isa = PBXResourcesBuildPhase;
			buildActionMask = 2147483647;
			files = (
				9638C36D2864772A000B90D7 /* LaunchScreen.storyboard in Resources */,
				9638C36A2864772A000B90D7 /* Assets.xcassets in Resources */,
				9638C36828647727000B90D7 /* Main.storyboard in Resources */,
			);
			runOnlyForDeploymentPostprocessing = 0;
		};
		9638C3712864772B000B90D7 /* Resources */ = {
			isa = PBXResourcesBuildPhase;
			buildActionMask = 2147483647;
			files = (
			);
			runOnlyForDeploymentPostprocessing = 0;
		};
		9638C37B2864772B000B90D7 /* Resources */ = {
			isa = PBXResourcesBuildPhase;
			buildActionMask = 2147483647;
			files = (
			);
			runOnlyForDeploymentPostprocessing = 0;
		};
/* End PBXResourcesBuildPhase section */

/* Begin PBXSourcesBuildPhase section */
		9638C35928647727000B90D7 /* Sources */ = {
			isa = PBXSourcesBuildPhase;
			buildActionMask = 2147483647;
			files = (
				9638C36528647727000B90D7 /* ViewController.swift in Sources */,
				9638C36128647727000B90D7 /* AppDelegate.swift in Sources */,
				9638C36328647727000B90D7 /* SceneDelegate.swift in Sources */,
			);
			runOnlyForDeploymentPostprocessing = 0;
		};
		9638C36F2864772B000B90D7 /* Sources */ = {
			isa = PBXSourcesBuildPhase;
			buildActionMask = 2147483647;
			files = (
				9638C3782864772B000B90D7 /* Architecture_WalkthroughTests.swift in Sources */,
			);
			runOnlyForDeploymentPostprocessing = 0;
		};
		9638C3792864772B000B90D7 /* Sources */ = {
			isa = PBXSourcesBuildPhase;
			buildActionMask = 2147483647;
			files = (
				9638C3842864772B000B90D7 /* Architecture_WalkthroughUITestsLaunchTests.swift in Sources */,
				9638C3822864772B000B90D7 /* Architecture_WalkthroughUITests.swift in Sources */,
			);
			runOnlyForDeploymentPostprocessing = 0;
		};
/* End PBXSourcesBuildPhase section */

/* Begin PBXTargetDependency section */
		9638C3752864772B000B90D7 /* PBXTargetDependency */ = {
			isa = PBXTargetDependency;
			target = 9638C35C28647727000B90D7 /* Architecture Walkthrough */;
			targetProxy = 9638C3742864772B000B90D7 /* PBXContainerItemProxy */;
		};
		9638C37F2864772B000B90D7 /* PBXTargetDependency */ = {
			isa = PBXTargetDependency;
			target = 9638C35C28647727000B90D7 /* Architecture Walkthrough */;
			targetProxy = 9638C37E2864772B000B90D7 /* PBXContainerItemProxy */;
		};
/* End PBXTargetDependency section */

/* Begin PBXVariantGroup section */
		9638C36628647727000B90D7 /* Main.storyboard */ = {
			isa = PBXVariantGroup;
			children = (
				9638C36728647727000B90D7 /* Base */,
			);
			name = Main.storyboard;
			sourceTree = "<group>";
		};
		9638C36B2864772A000B90D7 /* LaunchScreen.storyboard */ = {
			isa = PBXVariantGroup;
			children = (
				9638C36C2864772A000B90D7 /* Base */,
			);
			name = LaunchScreen.storyboard;
			sourceTree = "<group>";
		};
/* End PBXVariantGroup section */

/* Begin XCBuildConfiguration section */
		9638C3852864772B000B90D7 /* Debug */ = {
			isa = XCBuildConfiguration;
			buildSettings = {
				ALWAYS_SEARCH_USER_PATHS = NO;
				CLANG_ANALYZER_NONNULL = YES;
				CLANG_ANALYZER_NUMBER_OBJECT_CONVERSION = YES_AGGRESSIVE;
				CLANG_CXX_LANGUAGE_STANDARD = "gnu++17";
				CLANG_ENABLE_MODULES = YES;
				CLANG_ENABLE_OBJC_ARC = YES;
				CLANG_ENABLE_OBJC_WEAK = YES;
				CLANG_WARN_BLOCK_CAPTURE_AUTORELEASING = YES;
				CLANG_WARN_BOOL_CONVERSION = YES;
				CLANG_WARN_COMMA = YES;
				CLANG_WARN_CONSTANT_CONVERSION = YES;
				CLANG_WARN_DEPRECATED_OBJC_IMPLEMENTATIONS = YES;
				CLANG_WARN_DIRECT_OBJC_ISA_USAGE = YES_ERROR;
				CLANG_WARN_DOCUMENTATION_COMMENTS = YES;
				CLANG_WARN_EMPTY_BODY = YES;
				CLANG_WARN_ENUM_CONVERSION = YES;
				CLANG_WARN_INFINITE_RECURSION = YES;
				CLANG_WARN_INT_CONVERSION = YES;
				CLANG_WARN_NON_LITERAL_NULL_CONVERSION = YES;
				CLANG_WARN_OBJC_IMPLICIT_RETAIN_SELF = YES;
				CLANG_WARN_OBJC_LITERAL_CONVERSION = YES;
				CLANG_WARN_OBJC_ROOT_CLASS = YES_ERROR;
				CLANG_WARN_QUOTED_INCLUDE_IN_FRAMEWORK_HEADER = YES;
				CLANG_WARN_RANGE_LOOP_ANALYSIS = YES;
				CLANG_WARN_STRICT_PROTOTYPES = YES;
				CLANG_WARN_SUSPICIOUS_MOVE = YES;
				CLANG_WARN_UNGUARDED_AVAILABILITY = YES_AGGRESSIVE;
				CLANG_WARN_UNREACHABLE_CODE = YES;
				CLANG_WARN__DUPLICATE_METHOD_MATCH = YES;
				COPY_PHASE_STRIP = NO;
				DEBUG_INFORMATION_FORMAT = dwarf;
				ENABLE_STRICT_OBJC_MSGSEND = YES;
				ENABLE_TESTABILITY = YES;
				GCC_C_LANGUAGE_STANDARD = gnu11;
				GCC_DYNAMIC_NO_PIC = NO;
				GCC_NO_COMMON_BLOCKS = YES;
				GCC_OPTIMIZATION_LEVEL = 0;
				GCC_PREPROCESSOR_DEFINITIONS = (
					"DEBUG=1",
					"$(inherited)",
				);
				GCC_WARN_64_TO_32_BIT_CONVERSION = YES;
				GCC_WARN_ABOUT_RETURN_TYPE = YES_ERROR;
				GCC_WARN_UNDECLARED_SELECTOR = YES;
				GCC_WARN_UNINITIALIZED_AUTOS = YES_AGGRESSIVE;
				GCC_WARN_UNUSED_FUNCTION = YES;
				GCC_WARN_UNUSED_VARIABLE = YES;
				IPHONEOS_DEPLOYMENT_TARGET = 15.5;
				MTL_ENABLE_DEBUG_INFO = INCLUDE_SOURCE;
				MTL_FAST_MATH = YES;
				ONLY_ACTIVE_ARCH = YES;
				SDKROOT = iphoneos;
				SWIFT_ACTIVE_COMPILATION_CONDITIONS = DEBUG;
				SWIFT_OPTIMIZATION_LEVEL = "-Onone";
			};
			name = Debug;
		};
		9638C3862864772B000B90D7 /* Release */ = {
			isa = XCBuildConfiguration;
			buildSettings = {
				ALWAYS_SEARCH_USER_PATHS = NO;
				CLANG_ANALYZER_NONNULL = YES;
				CLANG_ANALYZER_NUMBER_OBJECT_CONVERSION = YES_AGGRESSIVE;
				CLANG_CXX_LANGUAGE_STANDARD = "gnu++17";
				CLANG_ENABLE_MODULES = YES;
				CLANG_ENABLE_OBJC_ARC = YES;
				CLANG_ENABLE_OBJC_WEAK = YES;
				CLANG_WARN_BLOCK_CAPTURE_AUTORELEASING = YES;
				CLANG_WARN_BOOL_CONVERSION = YES;
				CLANG_WARN_COMMA = YES;
				CLANG_WARN_CONSTANT_CONVERSION = YES;
				CLANG_WARN_DEPRECATED_OBJC_IMPLEMENTATIONS = YES;
				CLANG_WARN_DIRECT_OBJC_ISA_USAGE = YES_ERROR;
				CLANG_WARN_DOCUMENTATION_COMMENTS = YES;
				CLANG_WARN_EMPTY_BODY = YES;
				CLANG_WARN_ENUM_CONVERSION = YES;
				CLANG_WARN_INFINITE_RECURSION = YES;
				CLANG_WARN_INT_CONVERSION = YES;
				CLANG_WARN_NON_LITERAL_NULL_CONVERSION = YES;
				CLANG_WARN_OBJC_IMPLICIT_RETAIN_SELF = YES;
				CLANG_WARN_OBJC_LITERAL_CONVERSION = YES;
				CLANG_WARN_OBJC_ROOT_CLASS = YES_ERROR;
				CLANG_WARN_QUOTED_INCLUDE_IN_FRAMEWORK_HEADER = YES;
				CLANG_WARN_RANGE_LOOP_ANALYSIS = YES;
				CLANG_WARN_STRICT_PROTOTYPES = YES;
				CLANG_WARN_SUSPICIOUS_MOVE = YES;
				CLANG_WARN_UNGUARDED_AVAILABILITY = YES_AGGRESSIVE;
				CLANG_WARN_UNREACHABLE_CODE = YES;
				CLANG_WARN__DUPLICATE_METHOD_MATCH = YES;
				COPY_PHASE_STRIP = NO;
				DEBUG_INFORMATION_FORMAT = "dwarf-with-dsym";
				ENABLE_NS_ASSERTIONS = NO;
				ENABLE_STRICT_OBJC_MSGSEND = YES;
				GCC_C_LANGUAGE_STANDARD = gnu11;
				GCC_NO_COMMON_BLOCKS = YES;
				GCC_WARN_64_TO_32_BIT_CONVERSION = YES;
				GCC_WARN_ABOUT_RETURN_TYPE = YES_ERROR;
				GCC_WARN_UNDECLARED_SELECTOR = YES;
				GCC_WARN_UNINITIALIZED_AUTOS = YES_AGGRESSIVE;
				GCC_WARN_UNUSED_FUNCTION = YES;
				GCC_WARN_UNUSED_VARIABLE = YES;
				IPHONEOS_DEPLOYMENT_TARGET = 15.5;
				MTL_ENABLE_DEBUG_INFO = NO;
				MTL_FAST_MATH = YES;
				SDKROOT = iphoneos;
				SWIFT_COMPILATION_MODE = wholemodule;
				SWIFT_OPTIMIZATION_LEVEL = "-O";
				VALIDATE_PRODUCT = YES;
			};
			name = Release;
		};
		9638C3882864772B000B90D7 /* Debug */ = {
			isa = XCBuildConfiguration;
			buildSettings = {
				ASSETCATALOG_COMPILER_APPICON_NAME = AppIcon;
				ASSETCATALOG_COMPILER_GLOBAL_ACCENT_COLOR_NAME = AccentColor;
				CODE_SIGN_STYLE = Automatic;
				CURRENT_PROJECT_VERSION = 1;
				DEVELOPMENT_TEAM = Y8DCAWD753;
				GENERATE_INFOPLIST_FILE = YES;
				INFOPLIST_FILE = "Architecture Walkthrough/Info.plist";
				INFOPLIST_KEY_UIApplicationSupportsIndirectInputEvents = YES;
				INFOPLIST_KEY_UILaunchStoryboardName = LaunchScreen;
				INFOPLIST_KEY_UIMainStoryboardFile = Main;
				INFOPLIST_KEY_UISupportedInterfaceOrientations_iPad = "UIInterfaceOrientationPortrait UIInterfaceOrientationPortraitUpsideDown UIInterfaceOrientationLandscapeLeft UIInterfaceOrientationLandscapeRight";
				INFOPLIST_KEY_UISupportedInterfaceOrientations_iPhone = "UIInterfaceOrientationPortrait UIInterfaceOrientationLandscapeLeft UIInterfaceOrientationLandscapeRight";
				LD_RUNPATH_SEARCH_PATHS = (
					"$(inherited)",
					"@executable_path/Frameworks",
				);
				MARKETING_VERSION = 1.0;
				PRODUCT_BUNDLE_IDENTIFIER = "Androbi.Architecture-Walkthrough";
				PRODUCT_NAME = "$(TARGET_NAME)";
				SWIFT_EMIT_LOC_STRINGS = YES;
				SWIFT_VERSION = 5.0;
				TARGETED_DEVICE_FAMILY = "1,2";
			};
			name = Debug;
		};
		9638C3892864772B000B90D7 /* Release */ = {
			isa = XCBuildConfiguration;
			buildSettings = {
				ASSETCATALOG_COMPILER_APPICON_NAME = AppIcon;
				ASSETCATALOG_COMPILER_GLOBAL_ACCENT_COLOR_NAME = AccentColor;
				CODE_SIGN_STYLE = Automatic;
				CURRENT_PROJECT_VERSION = 1;
				DEVELOPMENT_TEAM = Y8DCAWD753;
				GENERATE_INFOPLIST_FILE = YES;
				INFOPLIST_FILE = "Architecture Walkthrough/Info.plist";
				INFOPLIST_KEY_UIApplicationSupportsIndirectInputEvents = YES;
				INFOPLIST_KEY_UILaunchStoryboardName = LaunchScreen;
				INFOPLIST_KEY_UIMainStoryboardFile = Main;
				INFOPLIST_KEY_UISupportedInterfaceOrientations_iPad = "UIInterfaceOrientationPortrait UIInterfaceOrientationPortraitUpsideDown UIInterfaceOrientationLandscapeLeft UIInterfaceOrientationLandscapeRight";
				INFOPLIST_KEY_UISupportedInterfaceOrientations_iPhone = "UIInterfaceOrientationPortrait UIInterfaceOrientationLandscapeLeft UIInterfaceOrientationLandscapeRight";
				LD_RUNPATH_SEARCH_PATHS = (
					"$(inherited)",
					"@executable_path/Frameworks",
				);
				MARKETING_VERSION = 1.0;
				PRODUCT_BUNDLE_IDENTIFIER = "Androbi.Architecture-Walkthrough";
				PRODUCT_NAME = "$(TARGET_NAME)";
				SWIFT_EMIT_LOC_STRINGS = YES;
				SWIFT_VERSION = 5.0;
				TARGETED_DEVICE_FAMILY = "1,2";
			};
			name = Release;
		};
		9638C38B2864772B000B90D7 /* Debug */ = {
			isa = XCBuildConfiguration;
			buildSettings = {
				ALWAYS_EMBED_SWIFT_STANDARD_LIBRARIES = YES;
				BUNDLE_LOADER = "$(TEST_HOST)";
				CODE_SIGN_STYLE = Automatic;
				CURRENT_PROJECT_VERSION = 1;
				DEVELOPMENT_TEAM = Y8DCAWD753;
				GENERATE_INFOPLIST_FILE = YES;
				IPHONEOS_DEPLOYMENT_TARGET = 15.5;
				MARKETING_VERSION = 1.0;
				PRODUCT_BUNDLE_IDENTIFIER = "Androbi.Architecture-WalkthroughTests";
				PRODUCT_NAME = "$(TARGET_NAME)";
				SWIFT_EMIT_LOC_STRINGS = NO;
				SWIFT_VERSION = 5.0;
				TARGETED_DEVICE_FAMILY = "1,2";
				TEST_HOST = "$(BUILT_PRODUCTS_DIR)/Architecture Walkthrough.app/Architecture Walkthrough";
			};
			name = Debug;
		};
		9638C38C2864772B000B90D7 /* Release */ = {
			isa = XCBuildConfiguration;
			buildSettings = {
				ALWAYS_EMBED_SWIFT_STANDARD_LIBRARIES = YES;
				BUNDLE_LOADER = "$(TEST_HOST)";
				CODE_SIGN_STYLE = Automatic;
				CURRENT_PROJECT_VERSION = 1;
				DEVELOPMENT_TEAM = Y8DCAWD753;
				GENERATE_INFOPLIST_FILE = YES;
				IPHONEOS_DEPLOYMENT_TARGET = 15.5;
				MARKETING_VERSION = 1.0;
				PRODUCT_BUNDLE_IDENTIFIER = "Androbi.Architecture-WalkthroughTests";
				PRODUCT_NAME = "$(TARGET_NAME)";
				SWIFT_EMIT_LOC_STRINGS = NO;
				SWIFT_VERSION = 5.0;
				TARGETED_DEVICE_FAMILY = "1,2";
				TEST_HOST = "$(BUILT_PRODUCTS_DIR)/Architecture Walkthrough.app/Architecture Walkthrough";
			};
			name = Release;
		};
		9638C38E2864772B000B90D7 /* Debug */ = {
			isa = XCBuildConfiguration;
			buildSettings = {
				ALWAYS_EMBED_SWIFT_STANDARD_LIBRARIES = YES;
				CODE_SIGN_STYLE = Automatic;
				CURRENT_PROJECT_VERSION = 1;
				DEVELOPMENT_TEAM = Y8DCAWD753;
				GENERATE_INFOPLIST_FILE = YES;
				MARKETING_VERSION = 1.0;
				PRODUCT_BUNDLE_IDENTIFIER = "Androbi.Architecture-WalkthroughUITests";
				PRODUCT_NAME = "$(TARGET_NAME)";
				SWIFT_EMIT_LOC_STRINGS = NO;
				SWIFT_VERSION = 5.0;
				TARGETED_DEVICE_FAMILY = "1,2";
				TEST_TARGET_NAME = "Architecture Walkthrough";
			};
			name = Debug;
		};
		9638C38F2864772B000B90D7 /* Release */ = {
			isa = XCBuildConfiguration;
			buildSettings = {
				ALWAYS_EMBED_SWIFT_STANDARD_LIBRARIES = YES;
				CODE_SIGN_STYLE = Automatic;
				CURRENT_PROJECT_VERSION = 1;
				DEVELOPMENT_TEAM = Y8DCAWD753;
				GENERATE_INFOPLIST_FILE = YES;
				MARKETING_VERSION = 1.0;
				PRODUCT_BUNDLE_IDENTIFIER = "Androbi.Architecture-WalkthroughUITests";
				PRODUCT_NAME = "$(TARGET_NAME)";
				SWIFT_EMIT_LOC_STRINGS = NO;
				SWIFT_VERSION = 5.0;
				TARGETED_DEVICE_FAMILY = "1,2";
				TEST_TARGET_NAME = "Architecture Walkthrough";
			};
			name = Release;
		};
/* End XCBuildConfiguration section */

/* Begin XCConfigurationList section */
		9638C35828647727000B90D7 /* Build configuration list for PBXProject "Architecture Walkthrough" */ = {
			isa = XCConfigurationList;
			buildConfigurations = (
				9638C3852864772B000B90D7 /* Debug */,
				9638C3862864772B000B90D7 /* Release */,
			);
			defaultConfigurationIsVisible = 0;
			defaultConfigurationName = Release;
		};
		9638C3872864772B000B90D7 /* Build configuration list for PBXNativeTarget "Architecture Walkthrough" */ = {
			isa = XCConfigurationList;
			buildConfigurations = (
				9638C3882864772B000B90D7 /* Debug */,
				9638C3892864772B000B90D7 /* Release */,
			);
			defaultConfigurationIsVisible = 0;
			defaultConfigurationName = Release;
		};
		9638C38A2864772B000B90D7 /* Build configuration list for PBXNativeTarget "Architecture WalkthroughTests" */ = {
			isa = XCConfigurationList;
			buildConfigurations = (
				9638C38B2864772B000B90D7 /* Debug */,
				9638C38C2864772B000B90D7 /* Release */,
			);
			defaultConfigurationIsVisible = 0;
			defaultConfigurationName = Release;
		};
		9638C38D2864772B000B90D7 /* Build configuration list for PBXNativeTarget "Architecture WalkthroughUITests" */ = {
			isa = XCConfigurationList;
			buildConfigurations = (
				9638C38E2864772B000B90D7 /* Debug */,
				9638C38F2864772B000B90D7 /* Release */,
			);
			defaultConfigurationIsVisible = 0;
			defaultConfigurationName = Release;
		};
/* End XCConfigurationList section */
	};
	rootObject = 9638C35528647727000B90D7 /* Project object */;
}
